// !$*UTF8*$!
{
	archiveVersion = 1;
	classes = {
	};
	objectVersion = 56;
	objects = {

/* Begin PBXBuildFile section */
		FAE739162A21626800454758 /* AppDelegate.swift in Sources */ = {isa = PBXBuildFile; fileRef = FAE739152A21626800454758 /* AppDelegate.swift */; };
		FAE739182A21626800454758 /* SceneDelegate.swift in Sources */ = {isa = PBXBuildFile; fileRef = FAE739172A21626800454758 /* SceneDelegate.swift */; };
		FAE7391A2A21626800454758 /* GuidesViewController.swift in Sources */ = {isa = PBXBuildFile; fileRef = FAE739192A21626800454758 /* GuidesViewController.swift */; };
		FAE7391D2A21626800454758 /* Main.storyboard in Resources */ = {isa = PBXBuildFile; fileRef = FAE7391B2A21626800454758 /* Main.storyboard */; };
		FAE7391F2A21626900454758 /* Assets.xcassets in Resources */ = {isa = PBXBuildFile; fileRef = FAE7391E2A21626900454758 /* Assets.xcassets */; };
		FAE739222A21626900454758 /* LaunchScreen.storyboard in Resources */ = {isa = PBXBuildFile; fileRef = FAE739202A21626900454758 /* LaunchScreen.storyboard */; };
		FAE7392D2A21626A00454758 /* GuidesTests.swift in Sources */ = {isa = PBXBuildFile; fileRef = FAE7392C2A21626A00454758 /* GuidesTests.swift */; };
		FAE739372A21626A00454758 /* GuidesUITests.swift in Sources */ = {isa = PBXBuildFile; fileRef = FAE739362A21626A00454758 /* GuidesUITests.swift */; };
		FAE739392A21626A00454758 /* GuidesUITestsLaunchTests.swift in Sources */ = {isa = PBXBuildFile; fileRef = FAE739382A21626A00454758 /* GuidesUITestsLaunchTests.swift */; };
		FAE739462A21632200454758 /* GuidesViewModel.swift in Sources */ = {isa = PBXBuildFile; fileRef = FAE739452A21632200454758 /* GuidesViewModel.swift */; };
		FAE7394B2A2163B200454758 /* EventResponse.swift in Sources */ = {isa = PBXBuildFile; fileRef = FAE7394A2A2163B200454758 /* EventResponse.swift */; };
		FAE7394D2A21640300454758 /* Event.swift in Sources */ = {isa = PBXBuildFile; fileRef = FAE7394C2A21640300454758 /* Event.swift */; };
		FAE7394F2A21641D00454758 /* Venue.swift in Sources */ = {isa = PBXBuildFile; fileRef = FAE7394E2A21641D00454758 /* Venue.swift */; };
		FAE739522A2168A900454758 /* EventCell.swift in Sources */ = {isa = PBXBuildFile; fileRef = FAE739512A2168A900454758 /* EventCell.swift */; };
/* End PBXBuildFile section */

/* Begin PBXContainerItemProxy section */
		FAE739292A21626A00454758 /* PBXContainerItemProxy */ = {
			isa = PBXContainerItemProxy;
			containerPortal = FAE7390A2A21626800454758 /* Project object */;
			proxyType = 1;
			remoteGlobalIDString = FAE739112A21626800454758;
			remoteInfo = Guides;
		};
		FAE739332A21626A00454758 /* PBXContainerItemProxy */ = {
			isa = PBXContainerItemProxy;
			containerPortal = FAE7390A2A21626800454758 /* Project object */;
			proxyType = 1;
			remoteGlobalIDString = FAE739112A21626800454758;
			remoteInfo = Guides;
		};
/* End PBXContainerItemProxy section */

/* Begin PBXFileReference section */
		FAE739122A21626800454758 /* Guides.app */ = {isa = PBXFileReference; explicitFileType = wrapper.application; includeInIndex = 0; path = Guides.app; sourceTree = BUILT_PRODUCTS_DIR; };
		FAE739152A21626800454758 /* AppDelegate.swift */ = {isa = PBXFileReference; lastKnownFileType = sourcecode.swift; path = AppDelegate.swift; sourceTree = "<group>"; };
		FAE739172A21626800454758 /* SceneDelegate.swift */ = {isa = PBXFileReference; lastKnownFileType = sourcecode.swift; path = SceneDelegate.swift; sourceTree = "<group>"; };
		FAE739192A21626800454758 /* GuidesViewController.swift */ = {isa = PBXFileReference; lastKnownFileType = sourcecode.swift; path = GuidesViewController.swift; sourceTree = "<group>"; };
		FAE7391C2A21626800454758 /* Base */ = {isa = PBXFileReference; lastKnownFileType = file.storyboard; name = Base; path = Base.lproj/Main.storyboard; sourceTree = "<group>"; };
		FAE7391E2A21626900454758 /* Assets.xcassets */ = {isa = PBXFileReference; lastKnownFileType = folder.assetcatalog; path = Assets.xcassets; sourceTree = "<group>"; };
		FAE739212A21626900454758 /* Base */ = {isa = PBXFileReference; lastKnownFileType = file.storyboard; name = Base; path = Base.lproj/LaunchScreen.storyboard; sourceTree = "<group>"; };
		FAE739232A21626900454758 /* Info.plist */ = {isa = PBXFileReference; lastKnownFileType = text.plist.xml; path = Info.plist; sourceTree = "<group>"; };
		FAE739282A21626A00454758 /* GuidesTests.xctest */ = {isa = PBXFileReference; explicitFileType = wrapper.cfbundle; includeInIndex = 0; path = GuidesTests.xctest; sourceTree = BUILT_PRODUCTS_DIR; };
		FAE7392C2A21626A00454758 /* GuidesTests.swift */ = {isa = PBXFileReference; lastKnownFileType = sourcecode.swift; path = GuidesTests.swift; sourceTree = "<group>"; };
		FAE739322A21626A00454758 /* GuidesUITests.xctest */ = {isa = PBXFileReference; explicitFileType = wrapper.cfbundle; includeInIndex = 0; path = GuidesUITests.xctest; sourceTree = BUILT_PRODUCTS_DIR; };
		FAE739362A21626A00454758 /* GuidesUITests.swift */ = {isa = PBXFileReference; lastKnownFileType = sourcecode.swift; path = GuidesUITests.swift; sourceTree = "<group>"; };
		FAE739382A21626A00454758 /* GuidesUITestsLaunchTests.swift */ = {isa = PBXFileReference; lastKnownFileType = sourcecode.swift; path = GuidesUITestsLaunchTests.swift; sourceTree = "<group>"; };
		FAE739452A21632200454758 /* GuidesViewModel.swift */ = {isa = PBXFileReference; lastKnownFileType = sourcecode.swift; path = GuidesViewModel.swift; sourceTree = "<group>"; };
		FAE7394A2A2163B200454758 /* EventResponse.swift */ = {isa = PBXFileReference; lastKnownFileType = sourcecode.swift; path = EventResponse.swift; sourceTree = "<group>"; };
		FAE7394C2A21640300454758 /* Event.swift */ = {isa = PBXFileReference; lastKnownFileType = sourcecode.swift; path = Event.swift; sourceTree = "<group>"; };
		FAE7394E2A21641D00454758 /* Venue.swift */ = {isa = PBXFileReference; lastKnownFileType = sourcecode.swift; path = Venue.swift; sourceTree = "<group>"; };
		FAE739512A2168A900454758 /* EventCell.swift */ = {isa = PBXFileReference; lastKnownFileType = sourcecode.swift; path = EventCell.swift; sourceTree = "<group>"; };
/* End PBXFileReference section */

/* Begin PBXFrameworksBuildPhase section */
		FAE7390F2A21626800454758 /* Frameworks */ = {
			isa = PBXFrameworksBuildPhase;
			buildActionMask = 2147483647;
			files = (
			);
			runOnlyForDeploymentPostprocessing = 0;
		};
		FAE739252A21626A00454758 /* Frameworks */ = {
			isa = PBXFrameworksBuildPhase;
			buildActionMask = 2147483647;
			files = (
			);
			runOnlyForDeploymentPostprocessing = 0;
		};
		FAE7392F2A21626A00454758 /* Frameworks */ = {
			isa = PBXFrameworksBuildPhase;
			buildActionMask = 2147483647;
			files = (
			);
			runOnlyForDeploymentPostprocessing = 0;
		};
/* End PBXFrameworksBuildPhase section */

/* Begin PBXGroup section */
		FAE739092A21626800454758 = {
			isa = PBXGroup;
			children = (
				FAE739142A21626800454758 /* Guides */,
				FAE7392B2A21626A00454758 /* GuidesTests */,
				FAE739352A21626A00454758 /* GuidesUITests */,
				FAE739132A21626800454758 /* Products */,
			);
			sourceTree = "<group>";
		};
		FAE739132A21626800454758 /* Products */ = {
			isa = PBXGroup;
			children = (
				FAE739122A21626800454758 /* Guides.app */,
				FAE739282A21626A00454758 /* GuidesTests.xctest */,
				FAE739322A21626A00454758 /* GuidesUITests.xctest */,
			);
			name = Products;
			sourceTree = "<group>";
		};
		FAE739142A21626800454758 /* Guides */ = {
			isa = PBXGroup;
			children = (
				FAE739152A21626800454758 /* AppDelegate.swift */,
				FAE739172A21626800454758 /* SceneDelegate.swift */,
				FAE739502A21689B00454758 /* Views */,
				FAE739472A21634800454758 /* Controllers */,
				FAE739482A21635200454758 /* ViewModels */,
				FAE739492A21639600454758 /* Model */,
				FAE7391B2A21626800454758 /* Main.storyboard */,
				FAE7391E2A21626900454758 /* Assets.xcassets */,
				FAE739202A21626900454758 /* LaunchScreen.storyboard */,
				FAE739232A21626900454758 /* Info.plist */,
			);
			path = Guides;
			sourceTree = "<group>";
		};
		FAE7392B2A21626A00454758 /* GuidesTests */ = {
			isa = PBXGroup;
			children = (
				FAE7392C2A21626A00454758 /* GuidesTests.swift */,
			);
			path = GuidesTests;
			sourceTree = "<group>";
		};
		FAE739352A21626A00454758 /* GuidesUITests */ = {
			isa = PBXGroup;
			children = (
				FAE739362A21626A00454758 /* GuidesUITests.swift */,
				FAE739382A21626A00454758 /* GuidesUITestsLaunchTests.swift */,
			);
			path = GuidesUITests;
			sourceTree = "<group>";
		};
		FAE739472A21634800454758 /* Controllers */ = {
			isa = PBXGroup;
			children = (
				FAE739192A21626800454758 /* GuidesViewController.swift */,
			);
			path = Controllers;
			sourceTree = "<group>";
		};
		FAE739482A21635200454758 /* ViewModels */ = {
			isa = PBXGroup;
			children = (
				FAE739452A21632200454758 /* GuidesViewModel.swift */,
			);
			path = ViewModels;
			sourceTree = "<group>";
		};
		FAE739492A21639600454758 /* Model */ = {
			isa = PBXGroup;
			children = (
				FAE7394A2A2163B200454758 /* EventResponse.swift */,
				FAE7394C2A21640300454758 /* Event.swift */,
				FAE7394E2A21641D00454758 /* Venue.swift */,
			);
			path = Model;
			sourceTree = "<group>";
		};
		FAE739502A21689B00454758 /* Views */ = {
			isa = PBXGroup;
			children = (
				FAE739512A2168A900454758 /* EventCell.swift */,
			);
			path = Views;
			sourceTree = "<group>";
		};
/* End PBXGroup section */

/* Begin PBXNativeTarget section */
		FAE739112A21626800454758 /* Guides */ = {
			isa = PBXNativeTarget;
			buildConfigurationList = FAE7393C2A21626A00454758 /* Build configuration list for PBXNativeTarget "Guides" */;
			buildPhases = (
				FAE7390E2A21626800454758 /* Sources */,
				FAE7390F2A21626800454758 /* Frameworks */,
				FAE739102A21626800454758 /* Resources */,
			);
			buildRules = (
			);
			dependencies = (
			);
			name = Guides;
			productName = Guides;
			productReference = FAE739122A21626800454758 /* Guides.app */;
			productType = "com.apple.product-type.application";
		};
		FAE739272A21626A00454758 /* GuidesTests */ = {
			isa = PBXNativeTarget;
			buildConfigurationList = FAE7393F2A21626A00454758 /* Build configuration list for PBXNativeTarget "GuidesTests" */;
			buildPhases = (
				FAE739242A21626A00454758 /* Sources */,
				FAE739252A21626A00454758 /* Frameworks */,
				FAE739262A21626A00454758 /* Resources */,
			);
			buildRules = (
			);
			dependencies = (
				FAE7392A2A21626A00454758 /* PBXTargetDependency */,
			);
			name = GuidesTests;
			productName = GuidesTests;
			productReference = FAE739282A21626A00454758 /* GuidesTests.xctest */;
			productType = "com.apple.product-type.bundle.unit-test";
		};
		FAE739312A21626A00454758 /* GuidesUITests */ = {
			isa = PBXNativeTarget;
			buildConfigurationList = FAE739422A21626A00454758 /* Build configuration list for PBXNativeTarget "GuidesUITests" */;
			buildPhases = (
				FAE7392E2A21626A00454758 /* Sources */,
				FAE7392F2A21626A00454758 /* Frameworks */,
				FAE739302A21626A00454758 /* Resources */,
			);
			buildRules = (
			);
			dependencies = (
				FAE739342A21626A00454758 /* PBXTargetDependency */,
			);
			name = GuidesUITests;
			productName = GuidesUITests;
			productReference = FAE739322A21626A00454758 /* GuidesUITests.xctest */;
			productType = "com.apple.product-type.bundle.ui-testing";
		};
/* End PBXNativeTarget section */

/* Begin PBXProject section */
		FAE7390A2A21626800454758 /* Project object */ = {
			isa = PBXProject;
			attributes = {
				BuildIndependentTargetsInParallel = 1;
				LastSwiftUpdateCheck = 1430;
				LastUpgradeCheck = 1430;
				TargetAttributes = {
					FAE739112A21626800454758 = {
						CreatedOnToolsVersion = 14.3;
					};
					FAE739272A21626A00454758 = {
						CreatedOnToolsVersion = 14.3;
						TestTargetID = FAE739112A21626800454758;
					};
					FAE739312A21626A00454758 = {
						CreatedOnToolsVersion = 14.3;
						TestTargetID = FAE739112A21626800454758;
					};
				};
			};
			buildConfigurationList = FAE7390D2A21626800454758 /* Build configuration list for PBXProject "Guides" */;
			compatibilityVersion = "Xcode 14.0";
			developmentRegion = en;
			hasScannedForEncodings = 0;
			knownRegions = (
				en,
				Base,
			);
			mainGroup = FAE739092A21626800454758;
			productRefGroup = FAE739132A21626800454758 /* Products */;
			projectDirPath = "";
			projectRoot = "";
			targets = (
				FAE739112A21626800454758 /* Guides */,
				FAE739272A21626A00454758 /* GuidesTests */,
				FAE739312A21626A00454758 /* GuidesUITests */,
			);
		};
/* End PBXProject section */

/* Begin PBXResourcesBuildPhase section */
		FAE739102A21626800454758 /* Resources */ = {
			isa = PBXResourcesBuildPhase;
			buildActionMask = 2147483647;
			files = (
				FAE739222A21626900454758 /* LaunchScreen.storyboard in Resources */,
				FAE7391F2A21626900454758 /* Assets.xcassets in Resources */,
				FAE7391D2A21626800454758 /* Main.storyboard in Resources */,
			);
			runOnlyForDeploymentPostprocessing = 0;
		};
		FAE739262A21626A00454758 /* Resources */ = {
			isa = PBXResourcesBuildPhase;
			buildActionMask = 2147483647;
			files = (
			);
			runOnlyForDeploymentPostprocessing = 0;
		};
		FAE739302A21626A00454758 /* Resources */ = {
			isa = PBXResourcesBuildPhase;
			buildActionMask = 2147483647;
			files = (
			);
			runOnlyForDeploymentPostprocessing = 0;
		};
/* End PBXResourcesBuildPhase section */

/* Begin PBXSourcesBuildPhase section */
		FAE7390E2A21626800454758 /* Sources */ = {
			isa = PBXSourcesBuildPhase;
			buildActionMask = 2147483647;
			files = (
				FAE7394B2A2163B200454758 /* EventResponse.swift in Sources */,
				FAE7391A2A21626800454758 /* GuidesViewController.swift in Sources */,
				FAE739462A21632200454758 /* GuidesViewModel.swift in Sources */,
				FAE7394F2A21641D00454758 /* Venue.swift in Sources */,
				FAE739522A2168A900454758 /* EventCell.swift in Sources */,
				FAE739162A21626800454758 /* AppDelegate.swift in Sources */,
				FAE7394D2A21640300454758 /* Event.swift in Sources */,
				FAE739182A21626800454758 /* SceneDelegate.swift in Sources */,
			);
			runOnlyForDeploymentPostprocessing = 0;
		};
		FAE739242A21626A00454758 /* Sources */ = {
			isa = PBXSourcesBuildPhase;
			buildActionMask = 2147483647;
			files = (
				FAE7392D2A21626A00454758 /* GuidesTests.swift in Sources */,
			);
			runOnlyForDeploymentPostprocessing = 0;
		};
		FAE7392E2A21626A00454758 /* Sources */ = {
			isa = PBXSourcesBuildPhase;
			buildActionMask = 2147483647;
			files = (
				FAE739372A21626A00454758 /* GuidesUITests.swift in Sources */,
				FAE739392A21626A00454758 /* GuidesUITestsLaunchTests.swift in Sources */,
			);
			runOnlyForDeploymentPostprocessing = 0;
		};
/* End PBXSourcesBuildPhase section */

/* Begin PBXTargetDependency section */
		FAE7392A2A21626A00454758 /* PBXTargetDependency */ = {
			isa = PBXTargetDependency;
			target = FAE739112A21626800454758 /* Guides */;
			targetProxy = FAE739292A21626A00454758 /* PBXContainerItemProxy */;
		};
		FAE739342A21626A00454758 /* PBXTargetDependency */ = {
			isa = PBXTargetDependency;
			target = FAE739112A21626800454758 /* Guides */;
			targetProxy = FAE739332A21626A00454758 /* PBXContainerItemProxy */;
		};
/* End PBXTargetDependency section */

/* Begin PBXVariantGroup section */
		FAE7391B2A21626800454758 /* Main.storyboard */ = {
			isa = PBXVariantGroup;
			children = (
				FAE7391C2A21626800454758 /* Base */,
			);
			name = Main.storyboard;
			sourceTree = "<group>";
		};
		FAE739202A21626900454758 /* LaunchScreen.storyboard */ = {
			isa = PBXVariantGroup;
			children = (
				FAE739212A21626900454758 /* Base */,
			);
			name = LaunchScreen.storyboard;
			sourceTree = "<group>";
		};
/* End PBXVariantGroup section */

/* Begin XCBuildConfiguration section */
		FAE7393A2A21626A00454758 /* Debug */ = {
			isa = XCBuildConfiguration;
			buildSettings = {
				ALWAYS_SEARCH_USER_PATHS = NO;
				CLANG_ANALYZER_NONNULL = YES;
				CLANG_ANALYZER_NUMBER_OBJECT_CONVERSION = YES_AGGRESSIVE;
				CLANG_CXX_LANGUAGE_STANDARD = "gnu++20";
				CLANG_ENABLE_MODULES = YES;
				CLANG_ENABLE_OBJC_ARC = YES;
				CLANG_ENABLE_OBJC_WEAK = YES;
				CLANG_WARN_BLOCK_CAPTURE_AUTORELEASING = YES;
				CLANG_WARN_BOOL_CONVERSION = YES;
				CLANG_WARN_COMMA = YES;
				CLANG_WARN_CONSTANT_CONVERSION = YES;
				CLANG_WARN_DEPRECATED_OBJC_IMPLEMENTATIONS = YES;
				CLANG_WARN_DIRECT_OBJC_ISA_USAGE = YES_ERROR;
				CLANG_WARN_DOCUMENTATION_COMMENTS = YES;
				CLANG_WARN_EMPTY_BODY = YES;
				CLANG_WARN_ENUM_CONVERSION = YES;
				CLANG_WARN_INFINITE_RECURSION = YES;
				CLANG_WARN_INT_CONVERSION = YES;
				CLANG_WARN_NON_LITERAL_NULL_CONVERSION = YES;
				CLANG_WARN_OBJC_IMPLICIT_RETAIN_SELF = YES;
				CLANG_WARN_OBJC_LITERAL_CONVERSION = YES;
				CLANG_WARN_OBJC_ROOT_CLASS = YES_ERROR;
				CLANG_WARN_QUOTED_INCLUDE_IN_FRAMEWORK_HEADER = YES;
				CLANG_WARN_RANGE_LOOP_ANALYSIS = YES;
				CLANG_WARN_STRICT_PROTOTYPES = YES;
				CLANG_WARN_SUSPICIOUS_MOVE = YES;
				CLANG_WARN_UNGUARDED_AVAILABILITY = YES_AGGRESSIVE;
				CLANG_WARN_UNREACHABLE_CODE = YES;
				CLANG_WARN__DUPLICATE_METHOD_MATCH = YES;
				COPY_PHASE_STRIP = NO;
				DEBUG_INFORMATION_FORMAT = dwarf;
				ENABLE_STRICT_OBJC_MSGSEND = YES;
				ENABLE_TESTABILITY = YES;
				GCC_C_LANGUAGE_STANDARD = gnu11;
				GCC_DYNAMIC_NO_PIC = NO;
				GCC_NO_COMMON_BLOCKS = YES;
				GCC_OPTIMIZATION_LEVEL = 0;
				GCC_PREPROCESSOR_DEFINITIONS = (
					"DEBUG=1",
					"$(inherited)",
				);
				GCC_WARN_64_TO_32_BIT_CONVERSION = YES;
				GCC_WARN_ABOUT_RETURN_TYPE = YES_ERROR;
				GCC_WARN_UNDECLARED_SELECTOR = YES;
				GCC_WARN_UNINITIALIZED_AUTOS = YES_AGGRESSIVE;
				GCC_WARN_UNUSED_FUNCTION = YES;
				GCC_WARN_UNUSED_VARIABLE = YES;
				IPHONEOS_DEPLOYMENT_TARGET = 16.4;
				MTL_ENABLE_DEBUG_INFO = INCLUDE_SOURCE;
				MTL_FAST_MATH = YES;
				ONLY_ACTIVE_ARCH = YES;
				SDKROOT = iphoneos;
				SWIFT_ACTIVE_COMPILATION_CONDITIONS = DEBUG;
				SWIFT_OPTIMIZATION_LEVEL = "-Onone";
			};
			name = Debug;
		};
		FAE7393B2A21626A00454758 /* Release */ = {
			isa = XCBuildConfiguration;
			buildSettings = {
				ALWAYS_SEARCH_USER_PATHS = NO;
				CLANG_ANALYZER_NONNULL = YES;
				CLANG_ANALYZER_NUMBER_OBJECT_CONVERSION = YES_AGGRESSIVE;
				CLANG_CXX_LANGUAGE_STANDARD = "gnu++20";
				CLANG_ENABLE_MODULES = YES;
				CLANG_ENABLE_OBJC_ARC = YES;
				CLANG_ENABLE_OBJC_WEAK = YES;
				CLANG_WARN_BLOCK_CAPTURE_AUTORELEASING = YES;
				CLANG_WARN_BOOL_CONVERSION = YES;
				CLANG_WARN_COMMA = YES;
				CLANG_WARN_CONSTANT_CONVERSION = YES;
				CLANG_WARN_DEPRECATED_OBJC_IMPLEMENTATIONS = YES;
				CLANG_WARN_DIRECT_OBJC_ISA_USAGE = YES_ERROR;
				CLANG_WARN_DOCUMENTATION_COMMENTS = YES;
				CLANG_WARN_EMPTY_BODY = YES;
				CLANG_WARN_ENUM_CONVERSION = YES;
				CLANG_WARN_INFINITE_RECURSION = YES;
				CLANG_WARN_INT_CONVERSION = YES;
				CLANG_WARN_NON_LITERAL_NULL_CONVERSION = YES;
				CLANG_WARN_OBJC_IMPLICIT_RETAIN_SELF = YES;
				CLANG_WARN_OBJC_LITERAL_CONVERSION = YES;
				CLANG_WARN_OBJC_ROOT_CLASS = YES_ERROR;
				CLANG_WARN_QUOTED_INCLUDE_IN_FRAMEWORK_HEADER = YES;
				CLANG_WARN_RANGE_LOOP_ANALYSIS = YES;
				CLANG_WARN_STRICT_PROTOTYPES = YES;
				CLANG_WARN_SUSPICIOUS_MOVE = YES;
				CLANG_WARN_UNGUARDED_AVAILABILITY = YES_AGGRESSIVE;
				CLANG_WARN_UNREACHABLE_CODE = YES;
				CLANG_WARN__DUPLICATE_METHOD_MATCH = YES;
				COPY_PHASE_STRIP = NO;
				DEBUG_INFORMATION_FORMAT = "dwarf-with-dsym";
				ENABLE_NS_ASSERTIONS = NO;
				ENABLE_STRICT_OBJC_MSGSEND = YES;
				GCC_C_LANGUAGE_STANDARD = gnu11;
				GCC_NO_COMMON_BLOCKS = YES;
				GCC_WARN_64_TO_32_BIT_CONVERSION = YES;
				GCC_WARN_ABOUT_RETURN_TYPE = YES_ERROR;
				GCC_WARN_UNDECLARED_SELECTOR = YES;
				GCC_WARN_UNINITIALIZED_AUTOS = YES_AGGRESSIVE;
				GCC_WARN_UNUSED_FUNCTION = YES;
				GCC_WARN_UNUSED_VARIABLE = YES;
				IPHONEOS_DEPLOYMENT_TARGET = 16.4;
				MTL_ENABLE_DEBUG_INFO = NO;
				MTL_FAST_MATH = YES;
				SDKROOT = iphoneos;
				SWIFT_COMPILATION_MODE = wholemodule;
				SWIFT_OPTIMIZATION_LEVEL = "-O";
				VALIDATE_PRODUCT = YES;
			};
			name = Release;
		};
		FAE7393D2A21626A00454758 /* Debug */ = {
			isa = XCBuildConfiguration;
			buildSettings = {
				ASSETCATALOG_COMPILER_APPICON_NAME = AppIcon;
				ASSETCATALOG_COMPILER_GLOBAL_ACCENT_COLOR_NAME = AccentColor;
				CODE_SIGN_STYLE = Automatic;
				CURRENT_PROJECT_VERSION = 1;
				DEVELOPMENT_TEAM = Q5K36SM4X4;
				GENERATE_INFOPLIST_FILE = YES;
				INFOPLIST_FILE = Guides/Info.plist;
				INFOPLIST_KEY_UIApplicationSupportsIndirectInputEvents = YES;
				INFOPLIST_KEY_UILaunchStoryboardName = LaunchScreen;
				INFOPLIST_KEY_UIMainStoryboardFile = Main;
				INFOPLIST_KEY_UISupportedInterfaceOrientations_iPad = "UIInterfaceOrientationPortrait UIInterfaceOrientationPortraitUpsideDown UIInterfaceOrientationLandscapeLeft UIInterfaceOrientationLandscapeRight";
				INFOPLIST_KEY_UISupportedInterfaceOrientations_iPhone = "UIInterfaceOrientationPortrait UIInterfaceOrientationLandscapeLeft UIInterfaceOrientationLandscapeRight";
				IPHONEOS_DEPLOYMENT_TARGET = 16.0;
				LD_RUNPATH_SEARCH_PATHS = (
					"$(inherited)",
					"@executable_path/Frameworks",
				);
				MARKETING_VERSION = 1.0;
				PRODUCT_BUNDLE_IDENTIFIER = DaveAlton.Guides;
				PRODUCT_NAME = "$(TARGET_NAME)";
				SWIFT_EMIT_LOC_STRINGS = YES;
				SWIFT_VERSION = 5.0;
				TARGETED_DEVICE_FAMILY = "1,2";
			};
			name = Debug;
		};
		FAE7393E2A21626A00454758 /* Release */ = {
			isa = XCBuildConfiguration;
			buildSettings = {
				ASSETCATALOG_COMPILER_APPICON_NAME = AppIcon;
				ASSETCATALOG_COMPILER_GLOBAL_ACCENT_COLOR_NAME = AccentColor;
				CODE_SIGN_STYLE = Automatic;
				CURRENT_PROJECT_VERSION = 1;
				DEVELOPMENT_TEAM = Q5K36SM4X4;
				GENERATE_INFOPLIST_FILE = YES;
				INFOPLIST_FILE = Guides/Info.plist;
				INFOPLIST_KEY_UIApplicationSupportsIndirectInputEvents = YES;
				INFOPLIST_KEY_UILaunchStoryboardName = LaunchScreen;
				INFOPLIST_KEY_UIMainStoryboardFile = Main;
				INFOPLIST_KEY_UISupportedInterfaceOrientations_iPad = "UIInterfaceOrientationPortrait UIInterfaceOrientationPortraitUpsideDown UIInterfaceOrientationLandscapeLeft UIInterfaceOrientationLandscapeRight";
				INFOPLIST_KEY_UISupportedInterfaceOrientations_iPhone = "UIInterfaceOrientationPortrait UIInterfaceOrientationLandscapeLeft UIInterfaceOrientationLandscapeRight";
				IPHONEOS_DEPLOYMENT_TARGET = 16.0;
				LD_RUNPATH_SEARCH_PATHS = (
					"$(inherited)",
					"@executable_path/Frameworks",
				);
				MARKETING_VERSION = 1.0;
				PRODUCT_BUNDLE_IDENTIFIER = DaveAlton.Guides;
				PRODUCT_NAME = "$(TARGET_NAME)";
				SWIFT_EMIT_LOC_STRINGS = YES;
				SWIFT_VERSION = 5.0;
				TARGETED_DEVICE_FAMILY = "1,2";
			};
			name = Release;
		};
		FAE739402A21626A00454758 /* Debug */ = {
			isa = XCBuildConfiguration;
			buildSettings = {
				ALWAYS_EMBED_SWIFT_STANDARD_LIBRARIES = YES;
				BUNDLE_LOADER = "$(TEST_HOST)";
				CODE_SIGN_STYLE = Automatic;
				CURRENT_PROJECT_VERSION = 1;
				DEVELOPMENT_TEAM = Q5K36SM4X4;
				GENERATE_INFOPLIST_FILE = YES;
				IPHONEOS_DEPLOYMENT_TARGET = 16.4;
				MARKETING_VERSION = 1.0;
				PRODUCT_BUNDLE_IDENTIFIER = DaveAlton.GuidesTests;
				PRODUCT_NAME = "$(TARGET_NAME)";
				SWIFT_EMIT_LOC_STRINGS = NO;
				SWIFT_VERSION = 5.0;
				TARGETED_DEVICE_FAMILY = "1,2";
				TEST_HOST = "$(BUILT_PRODUCTS_DIR)/Guides.app/$(BUNDLE_EXECUTABLE_FOLDER_PATH)/Guides";
			};
			name = Debug;
		};
		FAE739412A21626A00454758 /* Release */ = {
			isa = XCBuildConfiguration;
			buildSettings = {
				ALWAYS_EMBED_SWIFT_STANDARD_LIBRARIES = YES;
				BUNDLE_LOADER = "$(TEST_HOST)";
				CODE_SIGN_STYLE = Automatic;
				CURRENT_PROJECT_VERSION = 1;
				DEVELOPMENT_TEAM = Q5K36SM4X4;
				GENERATE_INFOPLIST_FILE = YES;
				IPHONEOS_DEPLOYMENT_TARGET = 16.4;
				MARKETING_VERSION = 1.0;
				PRODUCT_BUNDLE_IDENTIFIER = DaveAlton.GuidesTests;
				PRODUCT_NAME = "$(TARGET_NAME)";
				SWIFT_EMIT_LOC_STRINGS = NO;
				SWIFT_VERSION = 5.0;
				TARGETED_DEVICE_FAMILY = "1,2";
				TEST_HOST = "$(BUILT_PRODUCTS_DIR)/Guides.app/$(BUNDLE_EXECUTABLE_FOLDER_PATH)/Guides";
			};
			name = Release;
		};
		FAE739432A21626A00454758 /* Debug */ = {
			isa = XCBuildConfiguration;
			buildSettings = {
				ALWAYS_EMBED_SWIFT_STANDARD_LIBRARIES = YES;
				CODE_SIGN_STYLE = Automatic;
				CURRENT_PROJECT_VERSION = 1;
				DEVELOPMENT_TEAM = Q5K36SM4X4;
				GENERATE_INFOPLIST_FILE = YES;
				MARKETING_VERSION = 1.0;
				PRODUCT_BUNDLE_IDENTIFIER = DaveAlton.GuidesUITests;
				PRODUCT_NAME = "$(TARGET_NAME)";
				SWIFT_EMIT_LOC_STRINGS = NO;
				SWIFT_VERSION = 5.0;
				TARGETED_DEVICE_FAMILY = "1,2";
				TEST_TARGET_NAME = Guides;
			};
			name = Debug;
		};
		FAE739442A21626A00454758 /* Release */ = {
			isa = XCBuildConfiguration;
			buildSettings = {
				ALWAYS_EMBED_SWIFT_STANDARD_LIBRARIES = YES;
				CODE_SIGN_STYLE = Automatic;
				CURRENT_PROJECT_VERSION = 1;
				DEVELOPMENT_TEAM = Q5K36SM4X4;
				GENERATE_INFOPLIST_FILE = YES;
				MARKETING_VERSION = 1.0;
				PRODUCT_BUNDLE_IDENTIFIER = DaveAlton.GuidesUITests;
				PRODUCT_NAME = "$(TARGET_NAME)";
				SWIFT_EMIT_LOC_STRINGS = NO;
				SWIFT_VERSION = 5.0;
				TARGETED_DEVICE_FAMILY = "1,2";
				TEST_TARGET_NAME = Guides;
			};
			name = Release;
		};
/* End XCBuildConfiguration section */

/* Begin XCConfigurationList section */
		FAE7390D2A21626800454758 /* Build configuration list for PBXProject "Guides" */ = {
			isa = XCConfigurationList;
			buildConfigurations = (
				FAE7393A2A21626A00454758 /* Debug */,
				FAE7393B2A21626A00454758 /* Release */,
			);
			defaultConfigurationIsVisible = 0;
			defaultConfigurationName = Release;
		};
		FAE7393C2A21626A00454758 /* Build configuration list for PBXNativeTarget "Guides" */ = {
			isa = XCConfigurationList;
			buildConfigurations = (
				FAE7393D2A21626A00454758 /* Debug */,
				FAE7393E2A21626A00454758 /* Release */,
			);
			defaultConfigurationIsVisible = 0;
			defaultConfigurationName = Release;
		};
		FAE7393F2A21626A00454758 /* Build configuration list for PBXNativeTarget "GuidesTests" */ = {
			isa = XCConfigurationList;
			buildConfigurations = (
				FAE739402A21626A00454758 /* Debug */,
				FAE739412A21626A00454758 /* Release */,
			);
			defaultConfigurationIsVisible = 0;
			defaultConfigurationName = Release;
		};
		FAE739422A21626A00454758 /* Build configuration list for PBXNativeTarget "GuidesUITests" */ = {
			isa = XCConfigurationList;
			buildConfigurations = (
				FAE739432A21626A00454758 /* Debug */,
				FAE739442A21626A00454758 /* Release */,
			);
			defaultConfigurationIsVisible = 0;
			defaultConfigurationName = Release;
		};
/* End XCConfigurationList section */
	};
	rootObject = FAE7390A2A21626800454758 /* Project object */;
}
